
Microsoft Visual Studio Solution File, Format Version 12.00
# Visual Studio 15
VisualStudioVersion = 15.0.26430.6
MinimumVisualStudioVersion = 10.0.40219.1
Project("{9A19103F-16F7-4668-BE54-9A1E7A4F7556}") = "IoFog.Sdk.CSharp", "src\IoFog.Sdk.CSharp\IoFog.Sdk.CSharp.csproj", "{DCB4B5AD-3D4B-4FB1-A5B2-0C763A833DA9}"
EndProject
Global
	GlobalSection(SolutionConfigurationPlatforms) = preSolution
		Debug|Any CPU = Debug|Any CPU
		Release|Any CPU = Release|Any CPU
	EndGlobalSection
	GlobalSection(ProjectConfigurationPlatforms) = postSolution
		{DCB4B5AD-3D4B-4FB1-A5B2-0C763A833DA9}.Debug|Any CPU.ActiveCfg = Debug|Any CPU
		{DCB4B5AD-3D4B-4FB1-A5B2-0C763A833DA9}.Debug|Any CPU.Build.0 = Debug|Any CPU
		{DCB4B5AD-3D4B-4FB1-A5B2-0C763A833DA9}.Release|Any CPU.ActiveCfg = Release|Any CPU
		{DCB4B5AD-3D4B-4FB1-A5B2-0C763A833DA9}.Release|Any CPU.Build.0 = Release|Any CPU
	EndGlobalSection
	GlobalSection(SolutionProperties) = preSolution
		HideSolutionNode = FALSE
	EndGlobalSection
EndGlobal
